
Microsoft Visual Studio Solution File, Format Version 12.00
# Visual Studio 15
VisualStudioVersion = 15.0.27130.2020
MinimumVisualStudioVersion = 10.0.40219.1
Project("{FAE04EC0-301F-11D3-BF4B-00C04F79EFBC}") = "GUI", "GUI\GUI.csproj", "{20F3DEEA-7705-4E3F-AD1C-DAC6B3B5D6A6}"
EndProject
Global
	GlobalSection(SolutionConfigurationPlatforms) = preSolution
		Debug|Any CPU = Debug|Any CPU
		Release|Any CPU = Release|Any CPU
	EndGlobalSection
	GlobalSection(ProjectConfigurationPlatforms) = postSolution
		{20F3DEEA-7705-4E3F-AD1C-DAC6B3B5D6A6}.Debug|Any CPU.ActiveCfg = Debug|Any CPU
		{20F3DEEA-7705-4E3F-AD1C-DAC6B3B5D6A6}.Debug|Any CPU.Build.0 = Debug|Any CPU
		{20F3DEEA-7705-4E3F-AD1C-DAC6B3B5D6A6}.Release|Any CPU.ActiveCfg = Release|Any CPU
		{20F3DEEA-7705-4E3F-AD1C-DAC6B3B5D6A6}.Release|Any CPU.Build.0 = Release|Any CPU
	EndGlobalSection
	GlobalSection(SolutionProperties) = preSolution
		HideSolutionNode = FALSE
	EndGlobalSection
	GlobalSection(ExtensibilityGlobals) = postSolution
		SolutionGuid = {0396159B-7630-4F36-B12D-B16540EE94FB}
	EndGlobalSection
EndGlobal
